
Microsoft Visual Studio Solution File, Format Version 12.00
# Visual Studio Version 17
VisualStudioVersion = 17.0.32126.317
MinimumVisualStudioVersion = 10.0.40219.1
Project("{FAE04EC0-301F-11D3-BF4B-00C04F79EFBC}") = "DesafioFlaUIGabrielBrandao", "DesafioFlaUIGabrielBrandao\DesafioFlaUIGabrielBrandao.csproj", "{9C702B35-C485-499F-B2DA-47A27E3B4242}"
EndProject
Global
	GlobalSection(SolutionConfigurationPlatforms) = preSolution
		Debug|Any CPU = Debug|Any CPU
		Release|Any CPU = Release|Any CPU
	EndGlobalSection
	GlobalSection(ProjectConfigurationPlatforms) = postSolution
		{9C702B35-C485-499F-B2DA-47A27E3B4242}.Debug|Any CPU.ActiveCfg = Debug|Any CPU
		{9C702B35-C485-499F-B2DA-47A27E3B4242}.Debug|Any CPU.Build.0 = Debug|Any CPU
		{9C702B35-C485-499F-B2DA-47A27E3B4242}.Release|Any CPU.ActiveCfg = Release|Any CPU
		{9C702B35-C485-499F-B2DA-47A27E3B4242}.Release|Any CPU.Build.0 = Release|Any CPU
	EndGlobalSection
	GlobalSection(SolutionProperties) = preSolution
		HideSolutionNode = FALSE
	EndGlobalSection
	GlobalSection(ExtensibilityGlobals) = postSolution
		SolutionGuid = {15013CE6-7B71-439C-9E72-A1641497E626}
	EndGlobalSection
EndGlobal
